
Microsoft Visual Studio Solution File, Format Version 12.00
# Visual Studio Version 17
VisualStudioVersion = 17.3.32929.385
MinimumVisualStudioVersion = 10.0.40219.1
Project("{FAE04EC0-301F-11D3-BF4B-00C04F79EFBC}") = "Adieu", "Adieu\Adieu.csproj", "{ED7BA5C9-8926-4077-9747-E7278EEDD9F9}"
EndProject
Global
	GlobalSection(SolutionConfigurationPlatforms) = preSolution
		Debug|Any CPU = Debug|Any CPU
		Release|Any CPU = Release|Any CPU
	EndGlobalSection
	GlobalSection(ProjectConfigurationPlatforms) = postSolution
		{ED7BA5C9-8926-4077-9747-E7278EEDD9F9}.Debug|Any CPU.ActiveCfg = Debug|Any CPU
		{ED7BA5C9-8926-4077-9747-E7278EEDD9F9}.Debug|Any CPU.Build.0 = Debug|Any CPU
		{ED7BA5C9-8926-4077-9747-E7278EEDD9F9}.Release|Any CPU.ActiveCfg = Release|Any CPU
		{ED7BA5C9-8926-4077-9747-E7278EEDD9F9}.Release|Any CPU.Build.0 = Release|Any CPU
	EndGlobalSection
	GlobalSection(SolutionProperties) = preSolution
		HideSolutionNode = FALSE
	EndGlobalSection
	GlobalSection(ExtensibilityGlobals) = postSolution
		SolutionGuid = {C4779974-490B-4485-8E0E-1B51AB12E519}
	EndGlobalSection
EndGlobal
