
Microsoft Visual Studio Solution File, Format Version 12.00
# Visual Studio Version 17
VisualStudioVersion = 17.3.32929.385
MinimumVisualStudioVersion = 10.0.40219.1
Project("{FAE04EC0-301F-11D3-BF4B-00C04F79EFBC}") = "WpfApp1", "WpfApp1.csproj", "{332696E2-7CEE-47FF-B30F-B60A39380FE0}"
EndProject
Global
	GlobalSection(SolutionConfigurationPlatforms) = preSolution
		Debug|Any CPU = Debug|Any CPU
		Release|Any CPU = Release|Any CPU
	EndGlobalSection
	GlobalSection(ProjectConfigurationPlatforms) = postSolution
		{332696E2-7CEE-47FF-B30F-B60A39380FE0}.Debug|Any CPU.ActiveCfg = Debug|Any CPU
		{332696E2-7CEE-47FF-B30F-B60A39380FE0}.Debug|Any CPU.Build.0 = Debug|Any CPU
		{332696E2-7CEE-47FF-B30F-B60A39380FE0}.Release|Any CPU.ActiveCfg = Release|Any CPU
		{332696E2-7CEE-47FF-B30F-B60A39380FE0}.Release|Any CPU.Build.0 = Release|Any CPU
	EndGlobalSection
	GlobalSection(SolutionProperties) = preSolution
		HideSolutionNode = FALSE
	EndGlobalSection
	GlobalSection(ExtensibilityGlobals) = postSolution
		SolutionGuid = {DD9D2E3F-37E9-469D-94F0-947292270FEE}
	EndGlobalSection
EndGlobal
